
Microsoft Visual Studio Solution File, Format Version 12.00
# Visual Studio Version 17
VisualStudioVersion = 17.0.31903.59
MinimumVisualStudioVersion = 10.0.40219.1
Project("{FAE04EC0-301F-11D3-BF4B-00C04F79EFBC}") = "Webshop.website", "Webshop.website\Webshop.website.csproj", "{5E257556-78B3-41A5-B78F-00B6992EE103}"
EndProject
Project("{FAE04EC0-301F-11D3-BF4B-00C04F79EFBC}") = "Webshop.Domain", "Webshop.Domain\Webshop.Domain.csproj", "{3D11F57E-9E47-463C-9425-FE768BC15B6C}"
EndProject
Project("{FAE04EC0-301F-11D3-BF4B-00C04F79EFBC}") = "Webshop.Infrastructure", "Webshop.Infrastructure\Webshop.Infrastructure.csproj", "{A4680842-5FF9-41E6-BD53-6CA4FB1774A0}"
EndProject
Project("{FAE04EC0-301F-11D3-BF4B-00C04F79EFBC}") = "Tests", "Tests\Tests.csproj", "{3DDD5986-0D9F-47BE-8970-B8A5006CC1AC}"
EndProject
Project("{FAE04EC0-301F-11D3-BF4B-00C04F79EFBC}") = "Webshop.Application", "Webshop.Application\Webshop.Application.csproj", "{B8633CCC-0F24-45C5-A3B8-3B25B63FFD2D}"
EndProject
Project("{FAE04EC0-301F-11D3-BF4B-00C04F79EFBC}") = "WebApi.webapi", "WebApi.webapi\WebApi.webapi.csproj", "{6251EA22-A42C-4A75-AC2D-2446F2F1407C}"
EndProject
Project("{2150E333-8FDC-42A3-9474-1A3956D46DE8}") = "Webapp", "Webapp", "{3A6D2782-95DF-4B78-83E4-68E50BEDB5B5}"
EndProject
Project("{2150E333-8FDC-42A3-9474-1A3956D46DE8}") = "Webapi", "Webapi", "{22BEB729-FA24-407E-93DF-79A4FE1A6675}"
EndProject
Project("{FAE04EC0-301F-11D3-BF4B-00C04F79EFBC}") = "DuendeIdentityServer", "DuendeIdentityServer\DuendeIdentityServer.csproj", "{57A3433B-77A8-4B26-AB24-17EAE2AD72E1}"
EndProject
Project("{FAE04EC0-301F-11D3-BF4B-00C04F79EFBC}") = "Webshop.Client", "Webshop.Client\Webshop.Client.csproj", "{BD7A7C38-12FE-46A9-AA22-468261D11715}"
EndProject
Global
	GlobalSection(SolutionConfigurationPlatforms) = preSolution
		Debug|Any CPU = Debug|Any CPU
		Release|Any CPU = Release|Any CPU
	EndGlobalSection
	GlobalSection(ProjectConfigurationPlatforms) = postSolution
		{5E257556-78B3-41A5-B78F-00B6992EE103}.Debug|Any CPU.ActiveCfg = Debug|Any CPU
		{5E257556-78B3-41A5-B78F-00B6992EE103}.Debug|Any CPU.Build.0 = Debug|Any CPU
		{5E257556-78B3-41A5-B78F-00B6992EE103}.Release|Any CPU.ActiveCfg = Release|Any CPU
		{5E257556-78B3-41A5-B78F-00B6992EE103}.Release|Any CPU.Build.0 = Release|Any CPU
		{3D11F57E-9E47-463C-9425-FE768BC15B6C}.Debug|Any CPU.ActiveCfg = Debug|Any CPU
		{3D11F57E-9E47-463C-9425-FE768BC15B6C}.Debug|Any CPU.Build.0 = Debug|Any CPU
		{3D11F57E-9E47-463C-9425-FE768BC15B6C}.Release|Any CPU.ActiveCfg = Release|Any CPU
		{3D11F57E-9E47-463C-9425-FE768BC15B6C}.Release|Any CPU.Build.0 = Release|Any CPU
		{A4680842-5FF9-41E6-BD53-6CA4FB1774A0}.Debug|Any CPU.ActiveCfg = Debug|Any CPU
		{A4680842-5FF9-41E6-BD53-6CA4FB1774A0}.Debug|Any CPU.Build.0 = Debug|Any CPU
		{A4680842-5FF9-41E6-BD53-6CA4FB1774A0}.Release|Any CPU.ActiveCfg = Release|Any CPU
		{A4680842-5FF9-41E6-BD53-6CA4FB1774A0}.Release|Any CPU.Build.0 = Release|Any CPU
		{3DDD5986-0D9F-47BE-8970-B8A5006CC1AC}.Debug|Any CPU.ActiveCfg = Debug|Any CPU
		{3DDD5986-0D9F-47BE-8970-B8A5006CC1AC}.Debug|Any CPU.Build.0 = Debug|Any CPU
		{3DDD5986-0D9F-47BE-8970-B8A5006CC1AC}.Release|Any CPU.ActiveCfg = Release|Any CPU
		{3DDD5986-0D9F-47BE-8970-B8A5006CC1AC}.Release|Any CPU.Build.0 = Release|Any CPU
		{B8633CCC-0F24-45C5-A3B8-3B25B63FFD2D}.Debug|Any CPU.ActiveCfg = Debug|Any CPU
		{B8633CCC-0F24-45C5-A3B8-3B25B63FFD2D}.Debug|Any CPU.Build.0 = Debug|Any CPU
		{B8633CCC-0F24-45C5-A3B8-3B25B63FFD2D}.Release|Any CPU.ActiveCfg = Release|Any CPU
		{B8633CCC-0F24-45C5-A3B8-3B25B63FFD2D}.Release|Any CPU.Build.0 = Release|Any CPU
		{6251EA22-A42C-4A75-AC2D-2446F2F1407C}.Debug|Any CPU.ActiveCfg = Debug|Any CPU
		{6251EA22-A42C-4A75-AC2D-2446F2F1407C}.Debug|Any CPU.Build.0 = Debug|Any CPU
		{6251EA22-A42C-4A75-AC2D-2446F2F1407C}.Release|Any CPU.ActiveCfg = Release|Any CPU
		{6251EA22-A42C-4A75-AC2D-2446F2F1407C}.Release|Any CPU.Build.0 = Release|Any CPU
		{57A3433B-77A8-4B26-AB24-17EAE2AD72E1}.Debug|Any CPU.ActiveCfg = Debug|Any CPU
		{57A3433B-77A8-4B26-AB24-17EAE2AD72E1}.Debug|Any CPU.Build.0 = Debug|Any CPU
		{57A3433B-77A8-4B26-AB24-17EAE2AD72E1}.Release|Any CPU.ActiveCfg = Release|Any CPU
		{57A3433B-77A8-4B26-AB24-17EAE2AD72E1}.Release|Any CPU.Build.0 = Release|Any CPU
		{BD7A7C38-12FE-46A9-AA22-468261D11715}.Debug|Any CPU.ActiveCfg = Debug|Any CPU
		{BD7A7C38-12FE-46A9-AA22-468261D11715}.Debug|Any CPU.Build.0 = Debug|Any CPU
		{BD7A7C38-12FE-46A9-AA22-468261D11715}.Release|Any CPU.ActiveCfg = Release|Any CPU
		{BD7A7C38-12FE-46A9-AA22-468261D11715}.Release|Any CPU.Build.0 = Release|Any CPU
	EndGlobalSection
	GlobalSection(SolutionProperties) = preSolution
		HideSolutionNode = FALSE
	EndGlobalSection
	GlobalSection(NestedProjects) = preSolution
		{5E257556-78B3-41A5-B78F-00B6992EE103} = {3A6D2782-95DF-4B78-83E4-68E50BEDB5B5}
		{3D11F57E-9E47-463C-9425-FE768BC15B6C} = {3A6D2782-95DF-4B78-83E4-68E50BEDB5B5}
		{A4680842-5FF9-41E6-BD53-6CA4FB1774A0} = {3A6D2782-95DF-4B78-83E4-68E50BEDB5B5}
		{B8633CCC-0F24-45C5-A3B8-3B25B63FFD2D} = {3A6D2782-95DF-4B78-83E4-68E50BEDB5B5}
		{6251EA22-A42C-4A75-AC2D-2446F2F1407C} = {22BEB729-FA24-407E-93DF-79A4FE1A6675}
	EndGlobalSection
	GlobalSection(ExtensibilityGlobals) = postSolution
		SolutionGuid = {7D618936-688C-48B6-84FA-A1EA49EF6C0A}
	EndGlobalSection
EndGlobal
