
Microsoft Visual Studio Solution File, Format Version 12.00
# Visual Studio Version 17
VisualStudioVersion = 17.0.31903.59
MinimumVisualStudioVersion = 10.0.40219.1
Project("{FAE04EC0-301F-11D3-BF4B-00C04F79EFBC}") = "Webshop.MVC", "Webshop.MVC\Webshop.MVC.csproj", "{5E257556-78B3-41A5-B78F-00B6992EE103}"
EndProject
Project("{FAE04EC0-301F-11D3-BF4B-00C04F79EFBC}") = "Webshop.Domain", "Webshop.Domain\Webshop.Domain.csproj", "{3D11F57E-9E47-463C-9425-FE768BC15B6C}"
EndProject
Project("{FAE04EC0-301F-11D3-BF4B-00C04F79EFBC}") = "Webshop.Infrastructure", "Webshop.Infrastructure\Webshop.Infrastructure.csproj", "{A4680842-5FF9-41E6-BD53-6CA4FB1774A0}"
EndProject
Project("{FAE04EC0-301F-11D3-BF4B-00C04F79EFBC}") = "Webshop.WebApi", "Webshop.WebApi\Webshop.WebApi.csproj", "{4F929BA3-17DD-4E66-BC58-40D8911E1E77}"
EndProject
Global
	GlobalSection(SolutionConfigurationPlatforms) = preSolution
		Debug|Any CPU = Debug|Any CPU
		Release|Any CPU = Release|Any CPU
	EndGlobalSection
	GlobalSection(ProjectConfigurationPlatforms) = postSolution
		{5E257556-78B3-41A5-B78F-00B6992EE103}.Debug|Any CPU.ActiveCfg = Debug|Any CPU
		{5E257556-78B3-41A5-B78F-00B6992EE103}.Debug|Any CPU.Build.0 = Debug|Any CPU
		{5E257556-78B3-41A5-B78F-00B6992EE103}.Release|Any CPU.ActiveCfg = Release|Any CPU
		{5E257556-78B3-41A5-B78F-00B6992EE103}.Release|Any CPU.Build.0 = Release|Any CPU
		{3D11F57E-9E47-463C-9425-FE768BC15B6C}.Debug|Any CPU.ActiveCfg = Debug|Any CPU
		{3D11F57E-9E47-463C-9425-FE768BC15B6C}.Debug|Any CPU.Build.0 = Debug|Any CPU
		{3D11F57E-9E47-463C-9425-FE768BC15B6C}.Release|Any CPU.ActiveCfg = Release|Any CPU
		{3D11F57E-9E47-463C-9425-FE768BC15B6C}.Release|Any CPU.Build.0 = Release|Any CPU
		{A4680842-5FF9-41E6-BD53-6CA4FB1774A0}.Debug|Any CPU.ActiveCfg = Debug|Any CPU
		{A4680842-5FF9-41E6-BD53-6CA4FB1774A0}.Debug|Any CPU.Build.0 = Debug|Any CPU
		{A4680842-5FF9-41E6-BD53-6CA4FB1774A0}.Release|Any CPU.ActiveCfg = Release|Any CPU
		{A4680842-5FF9-41E6-BD53-6CA4FB1774A0}.Release|Any CPU.Build.0 = Release|Any CPU
		{4F929BA3-17DD-4E66-BC58-40D8911E1E77}.Debug|Any CPU.ActiveCfg = Debug|Any CPU
		{4F929BA3-17DD-4E66-BC58-40D8911E1E77}.Debug|Any CPU.Build.0 = Debug|Any CPU
		{4F929BA3-17DD-4E66-BC58-40D8911E1E77}.Release|Any CPU.ActiveCfg = Release|Any CPU
		{4F929BA3-17DD-4E66-BC58-40D8911E1E77}.Release|Any CPU.Build.0 = Release|Any CPU
	EndGlobalSection
	GlobalSection(SolutionProperties) = preSolution
		HideSolutionNode = FALSE
	EndGlobalSection
	GlobalSection(ExtensibilityGlobals) = postSolution
		SolutionGuid = {7D618936-688C-48B6-84FA-A1EA49EF6C0A}
	EndGlobalSection
EndGlobal
